
Microsoft Visual Studio Solution File, Format Version 12.00
# Visual Studio 14
VisualStudioVersion = 14.0.23107.0
MinimumVisualStudioVersion = 10.0.40219.1
Project("{FAE04EC0-301F-11D3-BF4B-00C04F79EFBC}") = "Pkcs11Admin.WinForms", "Pkcs11Admin.WinForms\Pkcs11Admin.WinForms.csproj", "{CA6E7772-37CE-48F5-97DA-D9D1BBE510AD}"
EndProject
Project("{FAE04EC0-301F-11D3-BF4B-00C04F79EFBC}") = "Pkcs11Admin", "Pkcs11Admin\Pkcs11Admin.csproj", "{73DD852B-0308-4758-B98C-9D1E6075ED31}"
EndProject
Project("{2150E333-8FDC-42A3-9474-1A3956D46DE8}") = "Solution Items", "Solution Items", "{22956514-F6FF-44A5-8725-CEBA8461A765}"
	ProjectSection(SolutionItems) = preProject
		CHANGELOG.txt = CHANGELOG.txt
		ISSUES.txt = ISSUES.txt
		LICENSE.txt = LICENSE.txt
	EndProjectSection
EndProject
Global
	GlobalSection(SolutionConfigurationPlatforms) = preSolution
		Debug|AnyCPU = Debug|AnyCPU
		Debug|x64 = Debug|x64
		Debug|x86 = Debug|x86
		Release|AnyCPU = Release|AnyCPU
		Release|x64 = Release|x64
		Release|x86 = Release|x86
	EndGlobalSection
	GlobalSection(ProjectConfigurationPlatforms) = postSolution
		{CA6E7772-37CE-48F5-97DA-D9D1BBE510AD}.Debug|AnyCPU.ActiveCfg = Debug|Any CPU
		{CA6E7772-37CE-48F5-97DA-D9D1BBE510AD}.Debug|AnyCPU.Build.0 = Debug|Any CPU
		{CA6E7772-37CE-48F5-97DA-D9D1BBE510AD}.Debug|x64.ActiveCfg = Debug|x64
		{CA6E7772-37CE-48F5-97DA-D9D1BBE510AD}.Debug|x64.Build.0 = Debug|x64
		{CA6E7772-37CE-48F5-97DA-D9D1BBE510AD}.Debug|x86.ActiveCfg = Debug|x86
		{CA6E7772-37CE-48F5-97DA-D9D1BBE510AD}.Debug|x86.Build.0 = Debug|x86
		{CA6E7772-37CE-48F5-97DA-D9D1BBE510AD}.Release|AnyCPU.ActiveCfg = Release|Any CPU
		{CA6E7772-37CE-48F5-97DA-D9D1BBE510AD}.Release|AnyCPU.Build.0 = Release|Any CPU
		{CA6E7772-37CE-48F5-97DA-D9D1BBE510AD}.Release|x64.ActiveCfg = Release|x64
		{CA6E7772-37CE-48F5-97DA-D9D1BBE510AD}.Release|x64.Build.0 = Release|x64
		{CA6E7772-37CE-48F5-97DA-D9D1BBE510AD}.Release|x86.ActiveCfg = Release|x86
		{CA6E7772-37CE-48F5-97DA-D9D1BBE510AD}.Release|x86.Build.0 = Release|x86
		{73DD852B-0308-4758-B98C-9D1E6075ED31}.Debug|AnyCPU.ActiveCfg = Debug|Any CPU
		{73DD852B-0308-4758-B98C-9D1E6075ED31}.Debug|AnyCPU.Build.0 = Debug|Any CPU
		{73DD852B-0308-4758-B98C-9D1E6075ED31}.Debug|x64.ActiveCfg = Debug|x64
		{73DD852B-0308-4758-B98C-9D1E6075ED31}.Debug|x64.Build.0 = Debug|x64
		{73DD852B-0308-4758-B98C-9D1E6075ED31}.Debug|x86.ActiveCfg = Debug|x86
		{73DD852B-0308-4758-B98C-9D1E6075ED31}.Debug|x86.Build.0 = Debug|x86
		{73DD852B-0308-4758-B98C-9D1E6075ED31}.Release|AnyCPU.ActiveCfg = Release|Any CPU
		{73DD852B-0308-4758-B98C-9D1E6075ED31}.Release|AnyCPU.Build.0 = Release|Any CPU
		{73DD852B-0308-4758-B98C-9D1E6075ED31}.Release|x64.ActiveCfg = Release|x64
		{73DD852B-0308-4758-B98C-9D1E6075ED31}.Release|x64.Build.0 = Release|x64
		{73DD852B-0308-4758-B98C-9D1E6075ED31}.Release|x86.ActiveCfg = Release|x86
		{73DD852B-0308-4758-B98C-9D1E6075ED31}.Release|x86.Build.0 = Release|x86
	EndGlobalSection
	GlobalSection(SolutionProperties) = preSolution
		HideSolutionNode = FALSE
	EndGlobalSection
EndGlobal
